{
	"name": "@furo/collection",
	"version": "0.12.1",
	"lockfileVersion": 1,
	"requires": true,
	"dependencies": {
		"@furo/fbp": {
			"version": "4.9.0",
			"resolved": "https://registry.npmjs.org/@furo/fbp/-/fbp-4.9.0.tgz",
			"integrity": "sha512-YfXNhPzTYaTmPg3ZaqNye4Jtb92B+sfUlGfbFwRZBESGxu4qh3SNy4EIRCNIFf/DGHvKBWYzOL7d/y16dO2ujQ=="
		}
	}
}
